// !$*UTF8*$!
{
	archiveVersion = 1;
	classes = {
	};
	objectVersion = 55;
	objects = {

/* Begin PBXBuildFile section */
		363C612D27CC858F00FB5ED5 /* AudioFeaturesCSS484App.swift in Sources */ = {isa = PBXBuildFile; fileRef = 363C612C27CC858F00FB5ED5 /* AudioFeaturesCSS484App.swift */; };
		363C612F27CC858F00FB5ED5 /* ContentView.swift in Sources */ = {isa = PBXBuildFile; fileRef = 363C612E27CC858F00FB5ED5 /* ContentView.swift */; };
		363C613127CC859000FB5ED5 /* Assets.xcassets in Resources */ = {isa = PBXBuildFile; fileRef = 363C613027CC859000FB5ED5 /* Assets.xcassets */; };
		363C613427CC859000FB5ED5 /* Preview Assets.xcassets in Resources */ = {isa = PBXBuildFile; fileRef = 363C613327CC859000FB5ED5 /* Preview Assets.xcassets */; };
		363C613E27CC859100FB5ED5 /* AudioFeaturesCSS484Tests.swift in Sources */ = {isa = PBXBuildFile; fileRef = 363C613D27CC859100FB5ED5 /* AudioFeaturesCSS484Tests.swift */; };
		363C614827CC859100FB5ED5 /* AudioFeaturesCSS484UITests.swift in Sources */ = {isa = PBXBuildFile; fileRef = 363C614727CC859100FB5ED5 /* AudioFeaturesCSS484UITests.swift */; };
		363C614A27CC859100FB5ED5 /* AudioFeaturesCSS484UITestsLaunchTests.swift in Sources */ = {isa = PBXBuildFile; fileRef = 363C614927CC859100FB5ED5 /* AudioFeaturesCSS484UITestsLaunchTests.swift */; };
/* End PBXBuildFile section */

/* Begin PBXContainerItemProxy section */
		363C613A27CC859100FB5ED5 /* PBXContainerItemProxy */ = {
			isa = PBXContainerItemProxy;
			containerPortal = 363C612127CC858F00FB5ED5 /* Project object */;
			proxyType = 1;
			remoteGlobalIDString = 363C612827CC858F00FB5ED5;
			remoteInfo = AudioFeaturesCSS484;
		};
		363C614427CC859100FB5ED5 /* PBXContainerItemProxy */ = {
			isa = PBXContainerItemProxy;
			containerPortal = 363C612127CC858F00FB5ED5 /* Project object */;
			proxyType = 1;
			remoteGlobalIDString = 363C612827CC858F00FB5ED5;
			remoteInfo = AudioFeaturesCSS484;
		};
/* End PBXContainerItemProxy section */

/* Begin PBXFileReference section */
		363C612927CC858F00FB5ED5 /* AudioFeaturesCSS484.app */ = {isa = PBXFileReference; explicitFileType = wrapper.application; includeInIndex = 0; path = AudioFeaturesCSS484.app; sourceTree = BUILT_PRODUCTS_DIR; };
		363C612C27CC858F00FB5ED5 /* AudioFeaturesCSS484App.swift */ = {isa = PBXFileReference; lastKnownFileType = sourcecode.swift; path = AudioFeaturesCSS484App.swift; sourceTree = "<group>"; };
		363C612E27CC858F00FB5ED5 /* ContentView.swift */ = {isa = PBXFileReference; lastKnownFileType = sourcecode.swift; path = ContentView.swift; sourceTree = "<group>"; };
		363C613027CC859000FB5ED5 /* Assets.xcassets */ = {isa = PBXFileReference; lastKnownFileType = folder.assetcatalog; path = Assets.xcassets; sourceTree = "<group>"; };
		363C613327CC859000FB5ED5 /* Preview Assets.xcassets */ = {isa = PBXFileReference; lastKnownFileType = folder.assetcatalog; path = "Preview Assets.xcassets"; sourceTree = "<group>"; };
		363C613927CC859100FB5ED5 /* AudioFeaturesCSS484Tests.xctest */ = {isa = PBXFileReference; explicitFileType = wrapper.cfbundle; includeInIndex = 0; path = AudioFeaturesCSS484Tests.xctest; sourceTree = BUILT_PRODUCTS_DIR; };
		363C613D27CC859100FB5ED5 /* AudioFeaturesCSS484Tests.swift */ = {isa = PBXFileReference; lastKnownFileType = sourcecode.swift; path = AudioFeaturesCSS484Tests.swift; sourceTree = "<group>"; };
		363C614327CC859100FB5ED5 /* AudioFeaturesCSS484UITests.xctest */ = {isa = PBXFileReference; explicitFileType = wrapper.cfbundle; includeInIndex = 0; path = AudioFeaturesCSS484UITests.xctest; sourceTree = BUILT_PRODUCTS_DIR; };
		363C614727CC859100FB5ED5 /* AudioFeaturesCSS484UITests.swift */ = {isa = PBXFileReference; lastKnownFileType = sourcecode.swift; path = AudioFeaturesCSS484UITests.swift; sourceTree = "<group>"; };
		363C614927CC859100FB5ED5 /* AudioFeaturesCSS484UITestsLaunchTests.swift */ = {isa = PBXFileReference; lastKnownFileType = sourcecode.swift; path = AudioFeaturesCSS484UITestsLaunchTests.swift; sourceTree = "<group>"; };
/* End PBXFileReference section */

/* Begin PBXFrameworksBuildPhase section */
		363C612627CC858F00FB5ED5 /* Frameworks */ = {
			isa = PBXFrameworksBuildPhase;
			buildActionMask = 2147483647;
			files = (
			);
			runOnlyForDeploymentPostprocessing = 0;
		};
		363C613627CC859100FB5ED5 /* Frameworks */ = {
			isa = PBXFrameworksBuildPhase;
			buildActionMask = 2147483647;
			files = (
			);
			runOnlyForDeploymentPostprocessing = 0;
		};
		363C614027CC859100FB5ED5 /* Frameworks */ = {
			isa = PBXFrameworksBuildPhase;
			buildActionMask = 2147483647;
			files = (
			);
			runOnlyForDeploymentPostprocessing = 0;
		};
/* End PBXFrameworksBuildPhase section */

/* Begin PBXGroup section */
		363C612027CC858F00FB5ED5 = {
			isa = PBXGroup;
			children = (
				363C612B27CC858F00FB5ED5 /* AudioFeaturesCSS484 */,
				363C613C27CC859100FB5ED5 /* AudioFeaturesCSS484Tests */,
				363C614627CC859100FB5ED5 /* AudioFeaturesCSS484UITests */,
				363C612A27CC858F00FB5ED5 /* Products */,
			);
			sourceTree = "<group>";
		};
		363C612A27CC858F00FB5ED5 /* Products */ = {
			isa = PBXGroup;
			children = (
				363C612927CC858F00FB5ED5 /* AudioFeaturesCSS484.app */,
				363C613927CC859100FB5ED5 /* AudioFeaturesCSS484Tests.xctest */,
				363C614327CC859100FB5ED5 /* AudioFeaturesCSS484UITests.xctest */,
			);
			name = Products;
			sourceTree = "<group>";
		};
		363C612B27CC858F00FB5ED5 /* AudioFeaturesCSS484 */ = {
			isa = PBXGroup;
			children = (
				363C612C27CC858F00FB5ED5 /* AudioFeaturesCSS484App.swift */,
				363C612E27CC858F00FB5ED5 /* ContentView.swift */,
				363C613027CC859000FB5ED5 /* Assets.xcassets */,
				363C613227CC859000FB5ED5 /* Preview Content */,
			);
			path = AudioFeaturesCSS484;
			sourceTree = "<group>";
		};
		363C613227CC859000FB5ED5 /* Preview Content */ = {
			isa = PBXGroup;
			children = (
				363C613327CC859000FB5ED5 /* Preview Assets.xcassets */,
			);
			path = "Preview Content";
			sourceTree = "<group>";
		};
		363C613C27CC859100FB5ED5 /* AudioFeaturesCSS484Tests */ = {
			isa = PBXGroup;
			children = (
				363C613D27CC859100FB5ED5 /* AudioFeaturesCSS484Tests.swift */,
			);
			path = AudioFeaturesCSS484Tests;
			sourceTree = "<group>";
		};
		363C614627CC859100FB5ED5 /* AudioFeaturesCSS484UITests */ = {
			isa = PBXGroup;
			children = (
				363C614727CC859100FB5ED5 /* AudioFeaturesCSS484UITests.swift */,
				363C614927CC859100FB5ED5 /* AudioFeaturesCSS484UITestsLaunchTests.swift */,
			);
			path = AudioFeaturesCSS484UITests;
			sourceTree = "<group>";
		};
/* End PBXGroup section */

/* Begin PBXNativeTarget section */
		363C612827CC858F00FB5ED5 /* AudioFeaturesCSS484 */ = {
			isa = PBXNativeTarget;
			buildConfigurationList = 363C614D27CC859100FB5ED5 /* Build configuration list for PBXNativeTarget "AudioFeaturesCSS484" */;
			buildPhases = (
				363C612527CC858F00FB5ED5 /* Sources */,
				363C612627CC858F00FB5ED5 /* Frameworks */,
				363C612727CC858F00FB5ED5 /* Resources */,
			);
			buildRules = (
			);
			dependencies = (
			);
			name = AudioFeaturesCSS484;
			productName = AudioFeaturesCSS484;
			productReference = 363C612927CC858F00FB5ED5 /* AudioFeaturesCSS484.app */;
			productType = "com.apple.product-type.application";
		};
		363C613827CC859100FB5ED5 /* AudioFeaturesCSS484Tests */ = {
			isa = PBXNativeTarget;
			buildConfigurationList = 363C615027CC859100FB5ED5 /* Build configuration list for PBXNativeTarget "AudioFeaturesCSS484Tests" */;
			buildPhases = (
				363C613527CC859100FB5ED5 /* Sources */,
				363C613627CC859100FB5ED5 /* Frameworks */,
				363C613727CC859100FB5ED5 /* Resources */,
			);
			buildRules = (
			);
			dependencies = (
				363C613B27CC859100FB5ED5 /* PBXTargetDependency */,
			);
			name = AudioFeaturesCSS484Tests;
			productName = AudioFeaturesCSS484Tests;
			productReference = 363C613927CC859100FB5ED5 /* AudioFeaturesCSS484Tests.xctest */;
			productType = "com.apple.product-type.bundle.unit-test";
		};
		363C614227CC859100FB5ED5 /* AudioFeaturesCSS484UITests */ = {
			isa = PBXNativeTarget;
			buildConfigurationList = 363C615327CC859100FB5ED5 /* Build configuration list for PBXNativeTarget "AudioFeaturesCSS484UITests" */;
			buildPhases = (
				363C613F27CC859100FB5ED5 /* Sources */,
				363C614027CC859100FB5ED5 /* Frameworks */,
				363C614127CC859100FB5ED5 /* Resources */,
			);
			buildRules = (
			);
			dependencies = (
				363C614527CC859100FB5ED5 /* PBXTargetDependency */,
			);
			name = AudioFeaturesCSS484UITests;
			productName = AudioFeaturesCSS484UITests;
			productReference = 363C614327CC859100FB5ED5 /* AudioFeaturesCSS484UITests.xctest */;
			productType = "com.apple.product-type.bundle.ui-testing";
		};
/* End PBXNativeTarget section */

/* Begin PBXProject section */
		363C612127CC858F00FB5ED5 /* Project object */ = {
			isa = PBXProject;
			attributes = {
				BuildIndependentTargetsInParallel = 1;
				LastSwiftUpdateCheck = 1320;
				LastUpgradeCheck = 1320;
				TargetAttributes = {
					363C612827CC858F00FB5ED5 = {
						CreatedOnToolsVersion = 13.2.1;
					};
					363C613827CC859100FB5ED5 = {
						CreatedOnToolsVersion = 13.2.1;
						TestTargetID = 363C612827CC858F00FB5ED5;
					};
					363C614227CC859100FB5ED5 = {
						CreatedOnToolsVersion = 13.2.1;
						TestTargetID = 363C612827CC858F00FB5ED5;
					};
				};
			};
			buildConfigurationList = 363C612427CC858F00FB5ED5 /* Build configuration list for PBXProject "AudioFeaturesCSS484" */;
			compatibilityVersion = "Xcode 13.0";
			developmentRegion = en;
			hasScannedForEncodings = 0;
			knownRegions = (
				en,
				Base,
			);
			mainGroup = 363C612027CC858F00FB5ED5;
			productRefGroup = 363C612A27CC858F00FB5ED5 /* Products */;
			projectDirPath = "";
			projectRoot = "";
			targets = (
				363C612827CC858F00FB5ED5 /* AudioFeaturesCSS484 */,
				363C613827CC859100FB5ED5 /* AudioFeaturesCSS484Tests */,
				363C614227CC859100FB5ED5 /* AudioFeaturesCSS484UITests */,
			);
		};
/* End PBXProject section */

/* Begin PBXResourcesBuildPhase section */
		363C612727CC858F00FB5ED5 /* Resources */ = {
			isa = PBXResourcesBuildPhase;
			buildActionMask = 2147483647;
			files = (
				363C613427CC859000FB5ED5 /* Preview Assets.xcassets in Resources */,
				363C613127CC859000FB5ED5 /* Assets.xcassets in Resources */,
			);
			runOnlyForDeploymentPostprocessing = 0;
		};
		363C613727CC859100FB5ED5 /* Resources */ = {
			isa = PBXResourcesBuildPhase;
			buildActionMask = 2147483647;
			files = (
			);
			runOnlyForDeploymentPostprocessing = 0;
		};
		363C614127CC859100FB5ED5 /* Resources */ = {
			isa = PBXResourcesBuildPhase;
			buildActionMask = 2147483647;
			files = (
			);
			runOnlyForDeploymentPostprocessing = 0;
		};
/* End PBXResourcesBuildPhase section */

/* Begin PBXSourcesBuildPhase section */
		363C612527CC858F00FB5ED5 /* Sources */ = {
			isa = PBXSourcesBuildPhase;
			buildActionMask = 2147483647;
			files = (
				363C612F27CC858F00FB5ED5 /* ContentView.swift in Sources */,
				363C612D27CC858F00FB5ED5 /* AudioFeaturesCSS484App.swift in Sources */,
			);
			runOnlyForDeploymentPostprocessing = 0;
		};
		363C613527CC859100FB5ED5 /* Sources */ = {
			isa = PBXSourcesBuildPhase;
			buildActionMask = 2147483647;
			files = (
				363C613E27CC859100FB5ED5 /* AudioFeaturesCSS484Tests.swift in Sources */,
			);
			runOnlyForDeploymentPostprocessing = 0;
		};
		363C613F27CC859100FB5ED5 /* Sources */ = {
			isa = PBXSourcesBuildPhase;
			buildActionMask = 2147483647;
			files = (
				363C614827CC859100FB5ED5 /* AudioFeaturesCSS484UITests.swift in Sources */,
				363C614A27CC859100FB5ED5 /* AudioFeaturesCSS484UITestsLaunchTests.swift in Sources */,
			);
			runOnlyForDeploymentPostprocessing = 0;
		};
/* End PBXSourcesBuildPhase section */

/* Begin PBXTargetDependency section */
		363C613B27CC859100FB5ED5 /* PBXTargetDependency */ = {
			isa = PBXTargetDependency;
			target = 363C612827CC858F00FB5ED5 /* AudioFeaturesCSS484 */;
			targetProxy = 363C613A27CC859100FB5ED5 /* PBXContainerItemProxy */;
		};
		363C614527CC859100FB5ED5 /* PBXTargetDependency */ = {
			isa = PBXTargetDependency;
			target = 363C612827CC858F00FB5ED5 /* AudioFeaturesCSS484 */;
			targetProxy = 363C614427CC859100FB5ED5 /* PBXContainerItemProxy */;
		};
/* End PBXTargetDependency section */

/* Begin XCBuildConfiguration section */
		363C614B27CC859100FB5ED5 /* Debug */ = {
			isa = XCBuildConfiguration;
			buildSettings = {
				ALWAYS_SEARCH_USER_PATHS = NO;
				CLANG_ANALYZER_NONNULL = YES;
				CLANG_ANALYZER_NUMBER_OBJECT_CONVERSION = YES_AGGRESSIVE;
				CLANG_CXX_LANGUAGE_STANDARD = "gnu++17";
				CLANG_CXX_LIBRARY = "libc++";
				CLANG_ENABLE_MODULES = YES;
				CLANG_ENABLE_OBJC_ARC = YES;
				CLANG_ENABLE_OBJC_WEAK = YES;
				CLANG_WARN_BLOCK_CAPTURE_AUTORELEASING = YES;
				CLANG_WARN_BOOL_CONVERSION = YES;
				CLANG_WARN_COMMA = YES;
				CLANG_WARN_CONSTANT_CONVERSION = YES;
				CLANG_WARN_DEPRECATED_OBJC_IMPLEMENTATIONS = YES;
				CLANG_WARN_DIRECT_OBJC_ISA_USAGE = YES_ERROR;
				CLANG_WARN_DOCUMENTATION_COMMENTS = YES;
				CLANG_WARN_EMPTY_BODY = YES;
				CLANG_WARN_ENUM_CONVERSION = YES;
				CLANG_WARN_INFINITE_RECURSION = YES;
				CLANG_WARN_INT_CONVERSION = YES;
				CLANG_WARN_NON_LITERAL_NULL_CONVERSION = YES;
				CLANG_WARN_OBJC_IMPLICIT_RETAIN_SELF = YES;
				CLANG_WARN_OBJC_LITERAL_CONVERSION = YES;
				CLANG_WARN_OBJC_ROOT_CLASS = YES_ERROR;
				CLANG_WARN_QUOTED_INCLUDE_IN_FRAMEWORK_HEADER = YES;
				CLANG_WARN_RANGE_LOOP_ANALYSIS = YES;
				CLANG_WARN_STRICT_PROTOTYPES = YES;
				CLANG_WARN_SUSPICIOUS_MOVE = YES;
				CLANG_WARN_UNGUARDED_AVAILABILITY = YES_AGGRESSIVE;
				CLANG_WARN_UNREACHABLE_CODE = YES;
				CLANG_WARN__DUPLICATE_METHOD_MATCH = YES;
				COPY_PHASE_STRIP = NO;
				DEBUG_INFORMATION_FORMAT = dwarf;
				ENABLE_STRICT_OBJC_MSGSEND = YES;
				ENABLE_TESTABILITY = YES;
				GCC_C_LANGUAGE_STANDARD = gnu11;
				GCC_DYNAMIC_NO_PIC = NO;
				GCC_NO_COMMON_BLOCKS = YES;
				GCC_OPTIMIZATION_LEVEL = 0;
				GCC_PREPROCESSOR_DEFINITIONS = (
					"DEBUG=1",
					"$(inherited)",
				);
				GCC_WARN_64_TO_32_BIT_CONVERSION = YES;
				GCC_WARN_ABOUT_RETURN_TYPE = YES_ERROR;
				GCC_WARN_UNDECLARED_SELECTOR = YES;
				GCC_WARN_UNINITIALIZED_AUTOS = YES_AGGRESSIVE;
				GCC_WARN_UNUSED_FUNCTION = YES;
				GCC_WARN_UNUSED_VARIABLE = YES;
				IPHONEOS_DEPLOYMENT_TARGET = 15.2;
				MTL_ENABLE_DEBUG_INFO = INCLUDE_SOURCE;
				MTL_FAST_MATH = YES;
				ONLY_ACTIVE_ARCH = YES;
				SDKROOT = iphoneos;
				SWIFT_ACTIVE_COMPILATION_CONDITIONS = DEBUG;
				SWIFT_OPTIMIZATION_LEVEL = "-Onone";
			};
			name = Debug;
		};
		363C614C27CC859100FB5ED5 /* Release */ = {
			isa = XCBuildConfiguration;
			buildSettings = {
				ALWAYS_SEARCH_USER_PATHS = NO;
				CLANG_ANALYZER_NONNULL = YES;
				CLANG_ANALYZER_NUMBER_OBJECT_CONVERSION = YES_AGGRESSIVE;
				CLANG_CXX_LANGUAGE_STANDARD = "gnu++17";
				CLANG_CXX_LIBRARY = "libc++";
				CLANG_ENABLE_MODULES = YES;
				CLANG_ENABLE_OBJC_ARC = YES;
				CLANG_ENABLE_OBJC_WEAK = YES;
				CLANG_WARN_BLOCK_CAPTURE_AUTORELEASING = YES;
				CLANG_WARN_BOOL_CONVERSION = YES;
				CLANG_WARN_COMMA = YES;
				CLANG_WARN_CONSTANT_CONVERSION = YES;
				CLANG_WARN_DEPRECATED_OBJC_IMPLEMENTATIONS = YES;
				CLANG_WARN_DIRECT_OBJC_ISA_USAGE = YES_ERROR;
				CLANG_WARN_DOCUMENTATION_COMMENTS = YES;
				CLANG_WARN_EMPTY_BODY = YES;
				CLANG_WARN_ENUM_CONVERSION = YES;
				CLANG_WARN_INFINITE_RECURSION = YES;
				CLANG_WARN_INT_CONVERSION = YES;
				CLANG_WARN_NON_LITERAL_NULL_CONVERSION = YES;
				CLANG_WARN_OBJC_IMPLICIT_RETAIN_SELF = YES;
				CLANG_WARN_OBJC_LITERAL_CONVERSION = YES;
				CLANG_WARN_OBJC_ROOT_CLASS = YES_ERROR;
				CLANG_WARN_QUOTED_INCLUDE_IN_FRAMEWORK_HEADER = YES;
				CLANG_WARN_RANGE_LOOP_ANALYSIS = YES;
				CLANG_WARN_STRICT_PROTOTYPES = YES;
				CLANG_WARN_SUSPICIOUS_MOVE = YES;
				CLANG_WARN_UNGUARDED_AVAILABILITY = YES_AGGRESSIVE;
				CLANG_WARN_UNREACHABLE_CODE = YES;
				CLANG_WARN__DUPLICATE_METHOD_MATCH = YES;
				COPY_PHASE_STRIP = NO;
				DEBUG_INFORMATION_FORMAT = "dwarf-with-dsym";
				ENABLE_NS_ASSERTIONS = NO;
				ENABLE_STRICT_OBJC_MSGSEND = YES;
				GCC_C_LANGUAGE_STANDARD = gnu11;
				GCC_NO_COMMON_BLOCKS = YES;
				GCC_WARN_64_TO_32_BIT_CONVERSION = YES;
				GCC_WARN_ABOUT_RETURN_TYPE = YES_ERROR;
				GCC_WARN_UNDECLARED_SELECTOR = YES;
				GCC_WARN_UNINITIALIZED_AUTOS = YES_AGGRESSIVE;
				GCC_WARN_UNUSED_FUNCTION = YES;
				GCC_WARN_UNUSED_VARIABLE = YES;
				IPHONEOS_DEPLOYMENT_TARGET = 15.2;
				MTL_ENABLE_DEBUG_INFO = NO;
				MTL_FAST_MATH = YES;
				SDKROOT = iphoneos;
				SWIFT_COMPILATION_MODE = wholemodule;
				SWIFT_OPTIMIZATION_LEVEL = "-O";
				VALIDATE_PRODUCT = YES;
			};
			name = Release;
		};
		363C614E27CC859100FB5ED5 /* Debug */ = {
			isa = XCBuildConfiguration;
			buildSettings = {
				ASSETCATALOG_COMPILER_APPICON_NAME = AppIcon;
				ASSETCATALOG_COMPILER_GLOBAL_ACCENT_COLOR_NAME = AccentColor;
				CODE_SIGN_STYLE = Automatic;
				CURRENT_PROJECT_VERSION = 1;
				DEVELOPMENT_ASSET_PATHS = "\"AudioFeaturesCSS484/Preview Content\"";
				DEVELOPMENT_TEAM = 446NVYN95B;
				ENABLE_PREVIEWS = YES;
				GENERATE_INFOPLIST_FILE = YES;
				INFOPLIST_KEY_UIApplicationSceneManifest_Generation = YES;
				INFOPLIST_KEY_UIApplicationSupportsIndirectInputEvents = YES;
				INFOPLIST_KEY_UILaunchScreen_Generation = YES;
				INFOPLIST_KEY_UISupportedInterfaceOrientations_iPad = "UIInterfaceOrientationPortrait UIInterfaceOrientationPortraitUpsideDown UIInterfaceOrientationLandscapeLeft UIInterfaceOrientationLandscapeRight";
				INFOPLIST_KEY_UISupportedInterfaceOrientations_iPhone = "UIInterfaceOrientationPortrait UIInterfaceOrientationLandscapeLeft UIInterfaceOrientationLandscapeRight";
				LD_RUNPATH_SEARCH_PATHS = (
					"$(inherited)",
					"@executable_path/Frameworks",
				);
				MARKETING_VERSION = 1.0;
				PRODUCT_BUNDLE_IDENTIFIER = com.uw.bothell.AudioFeaturesCSS484;
				PRODUCT_NAME = "$(TARGET_NAME)";
				SWIFT_EMIT_LOC_STRINGS = YES;
				SWIFT_VERSION = 5.0;
				TARGETED_DEVICE_FAMILY = "1,2";
			};
			name = Debug;
		};
		363C614F27CC859100FB5ED5 /* Release */ = {
			isa = XCBuildConfiguration;
			buildSettings = {
				ASSETCATALOG_COMPILER_APPICON_NAME = AppIcon;
				ASSETCATALOG_COMPILER_GLOBAL_ACCENT_COLOR_NAME = AccentColor;
				CODE_SIGN_STYLE = Automatic;
				CURRENT_PROJECT_VERSION = 1;
				DEVELOPMENT_ASSET_PATHS = "\"AudioFeaturesCSS484/Preview Content\"";
				DEVELOPMENT_TEAM = 446NVYN95B;
				ENABLE_PREVIEWS = YES;
				GENERATE_INFOPLIST_FILE = YES;
				INFOPLIST_KEY_UIApplicationSceneManifest_Generation = YES;
				INFOPLIST_KEY_UIApplicationSupportsIndirectInputEvents = YES;
				INFOPLIST_KEY_UILaunchScreen_Generation = YES;
				INFOPLIST_KEY_UISupportedInterfaceOrientations_iPad = "UIInterfaceOrientationPortrait UIInterfaceOrientationPortraitUpsideDown UIInterfaceOrientationLandscapeLeft UIInterfaceOrientationLandscapeRight";
				INFOPLIST_KEY_UISupportedInterfaceOrientations_iPhone = "UIInterfaceOrientationPortrait UIInterfaceOrientationLandscapeLeft UIInterfaceOrientationLandscapeRight";
				LD_RUNPATH_SEARCH_PATHS = (
					"$(inherited)",
					"@executable_path/Frameworks",
				);
				MARKETING_VERSION = 1.0;
				PRODUCT_BUNDLE_IDENTIFIER = com.uw.bothell.AudioFeaturesCSS484;
				PRODUCT_NAME = "$(TARGET_NAME)";
				SWIFT_EMIT_LOC_STRINGS = YES;
				SWIFT_VERSION = 5.0;
				TARGETED_DEVICE_FAMILY = "1,2";
			};
			name = Release;
		};
		363C615127CC859100FB5ED5 /* Debug */ = {
			isa = XCBuildConfiguration;
			buildSettings = {
				ALWAYS_EMBED_SWIFT_STANDARD_LIBRARIES = YES;
				BUNDLE_LOADER = "$(TEST_HOST)";
				CODE_SIGN_STYLE = Automatic;
				CURRENT_PROJECT_VERSION = 1;
				DEVELOPMENT_TEAM = 446NVYN95B;
				GENERATE_INFOPLIST_FILE = YES;
				IPHONEOS_DEPLOYMENT_TARGET = 15.2;
				MARKETING_VERSION = 1.0;
				PRODUCT_BUNDLE_IDENTIFIER = com.uw.bothell.AudioFeaturesCSS484Tests;
				PRODUCT_NAME = "$(TARGET_NAME)";
				SWIFT_EMIT_LOC_STRINGS = NO;
				SWIFT_VERSION = 5.0;
				TARGETED_DEVICE_FAMILY = "1,2";
				TEST_HOST = "$(BUILT_PRODUCTS_DIR)/AudioFeaturesCSS484.app/AudioFeaturesCSS484";
			};
			name = Debug;
		};
		363C615227CC859100FB5ED5 /* Release */ = {
			isa = XCBuildConfiguration;
			buildSettings = {
				ALWAYS_EMBED_SWIFT_STANDARD_LIBRARIES = YES;
				BUNDLE_LOADER = "$(TEST_HOST)";
				CODE_SIGN_STYLE = Automatic;
				CURRENT_PROJECT_VERSION = 1;
				DEVELOPMENT_TEAM = 446NVYN95B;
				GENERATE_INFOPLIST_FILE = YES;
				IPHONEOS_DEPLOYMENT_TARGET = 15.2;
				MARKETING_VERSION = 1.0;
				PRODUCT_BUNDLE_IDENTIFIER = com.uw.bothell.AudioFeaturesCSS484Tests;
				PRODUCT_NAME = "$(TARGET_NAME)";
				SWIFT_EMIT_LOC_STRINGS = NO;
				SWIFT_VERSION = 5.0;
				TARGETED_DEVICE_FAMILY = "1,2";
				TEST_HOST = "$(BUILT_PRODUCTS_DIR)/AudioFeaturesCSS484.app/AudioFeaturesCSS484";
			};
			name = Release;
		};
		363C615427CC859100FB5ED5 /* Debug */ = {
			isa = XCBuildConfiguration;
			buildSettings = {
				ALWAYS_EMBED_SWIFT_STANDARD_LIBRARIES = YES;
				CODE_SIGN_STYLE = Automatic;
				CURRENT_PROJECT_VERSION = 1;
				DEVELOPMENT_TEAM = 446NVYN95B;
				GENERATE_INFOPLIST_FILE = YES;
				MARKETING_VERSION = 1.0;
				PRODUCT_BUNDLE_IDENTIFIER = com.uw.bothell.AudioFeaturesCSS484UITests;
				PRODUCT_NAME = "$(TARGET_NAME)";
				SWIFT_EMIT_LOC_STRINGS = NO;
				SWIFT_VERSION = 5.0;
				TARGETED_DEVICE_FAMILY = "1,2";
				TEST_TARGET_NAME = AudioFeaturesCSS484;
			};
			name = Debug;
		};
		363C615527CC859100FB5ED5 /* Release */ = {
			isa = XCBuildConfiguration;
			buildSettings = {
				ALWAYS_EMBED_SWIFT_STANDARD_LIBRARIES = YES;
				CODE_SIGN_STYLE = Automatic;
				CURRENT_PROJECT_VERSION = 1;
				DEVELOPMENT_TEAM = 446NVYN95B;
				GENERATE_INFOPLIST_FILE = YES;
				MARKETING_VERSION = 1.0;
				PRODUCT_BUNDLE_IDENTIFIER = com.uw.bothell.AudioFeaturesCSS484UITests;
				PRODUCT_NAME = "$(TARGET_NAME)";
				SWIFT_EMIT_LOC_STRINGS = NO;
				SWIFT_VERSION = 5.0;
				TARGETED_DEVICE_FAMILY = "1,2";
				TEST_TARGET_NAME = AudioFeaturesCSS484;
			};
			name = Release;
		};
/* End XCBuildConfiguration section */

/* Begin XCConfigurationList section */
		363C612427CC858F00FB5ED5 /* Build configuration list for PBXProject "AudioFeaturesCSS484" */ = {
			isa = XCConfigurationList;
			buildConfigurations = (
				363C614B27CC859100FB5ED5 /* Debug */,
				363C614C27CC859100FB5ED5 /* Release */,
			);
			defaultConfigurationIsVisible = 0;
			defaultConfigurationName = Release;
		};
		363C614D27CC859100FB5ED5 /* Build configuration list for PBXNativeTarget "AudioFeaturesCSS484" */ = {
			isa = XCConfigurationList;
			buildConfigurations = (
				363C614E27CC859100FB5ED5 /* Debug */,
				363C614F27CC859100FB5ED5 /* Release */,
			);
			defaultConfigurationIsVisible = 0;
			defaultConfigurationName = Release;
		};
		363C615027CC859100FB5ED5 /* Build configuration list for PBXNativeTarget "AudioFeaturesCSS484Tests" */ = {
			isa = XCConfigurationList;
			buildConfigurations = (
				363C615127CC859100FB5ED5 /* Debug */,
				363C615227CC859100FB5ED5 /* Release */,
			);
			defaultConfigurationIsVisible = 0;
			defaultConfigurationName = Release;
		};
		363C615327CC859100FB5ED5 /* Build configuration list for PBXNativeTarget "AudioFeaturesCSS484UITests" */ = {
			isa = XCConfigurationList;
			buildConfigurations = (
				363C615427CC859100FB5ED5 /* Debug */,
				363C615527CC859100FB5ED5 /* Release */,
			);
			defaultConfigurationIsVisible = 0;
			defaultConfigurationName = Release;
		};
/* End XCConfigurationList section */
	};
	rootObject = 363C612127CC858F00FB5ED5 /* Project object */;
}
